
Microsoft Visual Studio Solution File, Format Version 12.00
# Visual Studio Version 17
VisualStudioVersion = 17.14.36414.22 d17.14
MinimumVisualStudioVersion = 10.0.40219.1
Project("{FAE04EC0-301F-11D3-BF4B-00C04F79EFBC}") = "IKEA.PL", "IKEA.PL\IKEA.PL.csproj", "{8B7A0A02-AE0D-4020-902A-FC8C6CD10D1C}"
EndProject
Project("{FAE04EC0-301F-11D3-BF4B-00C04F79EFBC}") = "IKEA.DAL", "IKEA.DAL\IKEA.DAL.csproj", "{AAEB5ED5-265D-407B-8044-CAD01CD08A50}"
EndProject
Project("{FAE04EC0-301F-11D3-BF4B-00C04F79EFBC}") = "IKEA.BLL", "IKEA.BLL\IKEA.BLL.csproj", "{987F79BE-CC22-49A6-BD73-208DB1D6C7FB}"
EndProject
Global
	GlobalSection(SolutionConfigurationPlatforms) = preSolution
		Debug|Any CPU = Debug|Any CPU
		Release|Any CPU = Release|Any CPU
	EndGlobalSection
	GlobalSection(ProjectConfigurationPlatforms) = postSolution
		{8B7A0A02-AE0D-4020-902A-FC8C6CD10D1C}.Debug|Any CPU.ActiveCfg = Debug|Any CPU
		{8B7A0A02-AE0D-4020-902A-FC8C6CD10D1C}.Debug|Any CPU.Build.0 = Debug|Any CPU
		{8B7A0A02-AE0D-4020-902A-FC8C6CD10D1C}.Release|Any CPU.ActiveCfg = Release|Any CPU
		{8B7A0A02-AE0D-4020-902A-FC8C6CD10D1C}.Release|Any CPU.Build.0 = Release|Any CPU
		{AAEB5ED5-265D-407B-8044-CAD01CD08A50}.Debug|Any CPU.ActiveCfg = Debug|Any CPU
		{AAEB5ED5-265D-407B-8044-CAD01CD08A50}.Debug|Any CPU.Build.0 = Debug|Any CPU
		{AAEB5ED5-265D-407B-8044-CAD01CD08A50}.Release|Any CPU.ActiveCfg = Release|Any CPU
		{AAEB5ED5-265D-407B-8044-CAD01CD08A50}.Release|Any CPU.Build.0 = Release|Any CPU
		{987F79BE-CC22-49A6-BD73-208DB1D6C7FB}.Debug|Any CPU.ActiveCfg = Debug|Any CPU
		{987F79BE-CC22-49A6-BD73-208DB1D6C7FB}.Debug|Any CPU.Build.0 = Debug|Any CPU
		{987F79BE-CC22-49A6-BD73-208DB1D6C7FB}.Release|Any CPU.ActiveCfg = Release|Any CPU
		{987F79BE-CC22-49A6-BD73-208DB1D6C7FB}.Release|Any CPU.Build.0 = Release|Any CPU
	EndGlobalSection
	GlobalSection(SolutionProperties) = preSolution
		HideSolutionNode = FALSE
	EndGlobalSection
	GlobalSection(ExtensibilityGlobals) = postSolution
		SolutionGuid = {1EECA073-F9C6-45BA-A159-9CF57BC8AF92}
	EndGlobalSection
EndGlobal
